
Microsoft Visual Studio Solution File, Format Version 12.00
# Visual Studio Version 17
VisualStudioVersion = 17.2.32616.157
MinimumVisualStudioVersion = 10.0.40219.1
Project("{9A19103F-16F7-4668-BE54-9A1E7A4F7556}") = "Graham", "Graham\Graham.csproj", "{916FEC0F-3935-44F2-819C-EC8785B9B773}"
EndProject
Project("{FAE04EC0-301F-11D3-BF4B-00C04F79EFBC}") = "UnitTestProject1", "UnitTestProject1\UnitTestProject1.csproj", "{6D46F9DB-A1AA-4131-8054-5CB673D88600}"
	ProjectSection(ProjectDependencies) = postProject
		{916FEC0F-3935-44F2-819C-EC8785B9B773} = {916FEC0F-3935-44F2-819C-EC8785B9B773}
	EndProjectSection
EndProject
Global
	GlobalSection(SolutionConfigurationPlatforms) = preSolution
		Debug|Any CPU = Debug|Any CPU
		Release|Any CPU = Release|Any CPU
	EndGlobalSection
	GlobalSection(ProjectConfigurationPlatforms) = postSolution
		{916FEC0F-3935-44F2-819C-EC8785B9B773}.Debug|Any CPU.ActiveCfg = Debug|Any CPU
		{916FEC0F-3935-44F2-819C-EC8785B9B773}.Debug|Any CPU.Build.0 = Debug|Any CPU
		{916FEC0F-3935-44F2-819C-EC8785B9B773}.Release|Any CPU.ActiveCfg = Release|Any CPU
		{916FEC0F-3935-44F2-819C-EC8785B9B773}.Release|Any CPU.Build.0 = Release|Any CPU
		{6D46F9DB-A1AA-4131-8054-5CB673D88600}.Debug|Any CPU.ActiveCfg = Debug|Any CPU
		{6D46F9DB-A1AA-4131-8054-5CB673D88600}.Debug|Any CPU.Build.0 = Debug|Any CPU
		{6D46F9DB-A1AA-4131-8054-5CB673D88600}.Release|Any CPU.ActiveCfg = Release|Any CPU
		{6D46F9DB-A1AA-4131-8054-5CB673D88600}.Release|Any CPU.Build.0 = Release|Any CPU
	EndGlobalSection
	GlobalSection(SolutionProperties) = preSolution
		HideSolutionNode = FALSE
	EndGlobalSection
	GlobalSection(ExtensibilityGlobals) = postSolution
		SolutionGuid = {A5C0670B-80BD-428C-A761-233A738A6351}
	EndGlobalSection
EndGlobal
